{
  "name": "Ecommerce-redux-main",
  "lockfileVersion": 3,
  "requires": true,
  "packages": {
    "": {
      "dependencies": {
        "@stripe/stripe-js": "^3.3.0"
      }
    },
    "node_modules/@stripe/stripe-js": {
      "version": "3.3.0",
      "resolved": "https://registry.npmjs.org/@stripe/stripe-js/-/stripe-js-3.3.0.tgz",
      "integrity": "sha512-dUgAsko9KoYC1U2TIawHzbkQJzPoApxCc1Qf6/j318d1ArViyh6ROHVYTxnU3RlOQL/utUD9I4/QoyiCowsgrw==",
      "engines": {
        "node": ">=12.16"
      }
    }
  }
}
